
Microsoft Visual Studio Solution File, Format Version 12.00
# Visual Studio Version 17
VisualStudioVersion = 17.11.35327.3
MinimumVisualStudioVersion = 10.0.40219.1
Project("{9A19103F-16F7-4668-BE54-9A1E7A4F7556}") = "Widec.Expressions", "Widec.Expressions\Widec.Expressions.csproj", "{27C04052-358C-4EA2-AFD5-BE4A6228B384}"
EndProject
Project("{FAE04EC0-301F-11D3-BF4B-00C04F79EFBC}") = "Widec.Expressions.Test", "Widec.Expressions.Test\Widec.Expressions.Test.csproj", "{4D5915F0-F5E3-4631-869C-434D0B32540B}"
EndProject
Global
	GlobalSection(SolutionConfigurationPlatforms) = preSolution
		Debug|Any CPU = Debug|Any CPU
		Release|Any CPU = Release|Any CPU
	EndGlobalSection
	GlobalSection(ProjectConfigurationPlatforms) = postSolution
		{27C04052-358C-4EA2-AFD5-BE4A6228B384}.Debug|Any CPU.ActiveCfg = Debug|Any CPU
		{27C04052-358C-4EA2-AFD5-BE4A6228B384}.Debug|Any CPU.Build.0 = Debug|Any CPU
		{27C04052-358C-4EA2-AFD5-BE4A6228B384}.Release|Any CPU.ActiveCfg = Release|Any CPU
		{27C04052-358C-4EA2-AFD5-BE4A6228B384}.Release|Any CPU.Build.0 = Release|Any CPU
		{4D5915F0-F5E3-4631-869C-434D0B32540B}.Debug|Any CPU.ActiveCfg = Debug|Any CPU
		{4D5915F0-F5E3-4631-869C-434D0B32540B}.Debug|Any CPU.Build.0 = Debug|Any CPU
		{4D5915F0-F5E3-4631-869C-434D0B32540B}.Release|Any CPU.ActiveCfg = Release|Any CPU
		{4D5915F0-F5E3-4631-869C-434D0B32540B}.Release|Any CPU.Build.0 = Release|Any CPU
	EndGlobalSection
	GlobalSection(SolutionProperties) = preSolution
		HideSolutionNode = FALSE
	EndGlobalSection
	GlobalSection(ExtensibilityGlobals) = postSolution
		SolutionGuid = {7AFDBC6C-9676-43D7-BBD4-C139BA715DF4}
	EndGlobalSection
EndGlobal
